# This file is automatically @generated by Poetry 1.6.1 and should not be changed by hand.

[[package]]
name = "attrs"
version = "23.1.0"
description = "Classes Without Boilerplate"
optional = false
python-versions = ">=3.7"
files = [
    {file = "attrs-23.1.0-py3-none-any.whl", hash = "sha256:1f28b4522cdc2fb4256ac1a020c78acf9cba2c6b461ccd2c126f3aa8e8335d04"},
    {file = "attrs-23.1.0.tar.gz", hash = "sha256:6279836d581513a26f1bf235f9acd333bc9115683f14f7e8fae46c98fc50e015"},
]

[package.extras]
cov = ["attrs[tests]", "coverage[toml] (>=5.3)"]
dev = ["attrs[docs,tests]", "pre-commit"]
docs = ["furo", "myst-parser", "sphinx", "sphinx-notfound-page", "sphinxcontrib-towncrier", "towncrier", "zope-interface"]
tests = ["attrs[tests-no-zope]", "zope-interface"]
tests-no-zope = ["cloudpickle", "hypothesis", "mypy (>=1.1.1)", "pympler", "pytest (>=4.3.0)", "pytest-mypy-plugins", "pytest-xdist[psutil]"]

[[package]]
name = "automat"
version = "22.10.0"
description = "Self-service finite-state machines for the programmer on the go."
optional = false
python-versions = "*"
files = [
    {file = "Automat-22.10.0-py2.py3-none-any.whl", hash = "sha256:c3164f8742b9dc440f3682482d32aaff7bb53f71740dd018533f9de286b64180"},
    {file = "Automat-22.10.0.tar.gz", hash = "sha256:e56beb84edad19dcc11d30e8d9b895f75deeb5ef5e96b84a467066b3b84bb04e"},
]

[package.dependencies]
attrs = ">=19.2.0"
six = "*"

[package.extras]
visualize = ["Twisted (>=16.1.1)", "graphviz (>0.5.1)"]

[[package]]
name = "constantly"
version = "15.1.0"
description = "Symbolic constants in Python"
optional = false
python-versions = "*"
files = [
    {file = "constantly-15.1.0-py2.py3-none-any.whl", hash = "sha256:dd2fa9d6b1a51a83f0d7dd76293d734046aa176e384bf6e33b7e44880eb37c5d"},
    {file = "constantly-15.1.0.tar.gz", hash = "sha256:586372eb92059873e29eba4f9dec8381541b4d3834660707faf8ba59146dfc35"},
]

[[package]]
name = "hyperlink"
version = "21.0.0"
description = "A featureful, immutable, and correct URL for Python."
optional = false
python-versions = ">=2.6, !=3.0.*, !=3.1.*, !=3.2.*, !=3.3.*"
files = [
    {file = "hyperlink-21.0.0-py2.py3-none-any.whl", hash = "sha256:e6b14c37ecb73e89c77d78cdb4c2cc8f3fb59a885c5b3f819ff4ed80f25af1b4"},
    {file = "hyperlink-21.0.0.tar.gz", hash = "sha256:427af957daa58bc909471c6c40f74c5450fa123dd093fc53efd2e91d2705a56b"},
]

[package.dependencies]
idna = ">=2.5"

[[package]]
name = "idna"
version = "3.4"
description = "Internationalized Domain Names in Applications (IDNA)"
optional = false
python-versions = ">=3.5"
files = [
    {file = "idna-3.4-py3-none-any.whl", hash = "sha256:90b77e79eaa3eba6de819a0c442c0b4ceefc341a7a2ab77d7562bf49f425c5c2"},
    {file = "idna-3.4.tar.gz", hash = "sha256:814f528e8dead7d329833b91c5faa87d60bf71824cd12a7530b5526063d02cb4"},
]

[[package]]
name = "incremental"
version = "22.10.0"
description = "\"A small library that versions your Python projects.\""
optional = false
python-versions = "*"
files = [
    {file = "incremental-22.10.0-py2.py3-none-any.whl", hash = "sha256:b864a1f30885ee72c5ac2835a761b8fe8aa9c28b9395cacf27286602688d3e51"},
    {file = "incremental-22.10.0.tar.gz", hash = "sha256:912feeb5e0f7e0188e6f42241d2f450002e11bbc0937c65865045854c24c0bd0"},
]

[package.extras]
mypy = ["click (>=6.0)", "mypy (==0.812)", "twisted (>=16.4.0)"]
scripts = ["click (>=6.0)", "twisted (>=16.4.0)"]

[[package]]
name = "setuptools"
version = "68.2.2"
description = "Easily download, build, install, upgrade, and uninstall Python packages"
optional = false
python-versions = ">=3.8"
files = [
    {file = "setuptools-68.2.2-py3-none-any.whl", hash = "sha256:b454a35605876da60632df1a60f736524eb73cc47bbc9f3f1ef1b644de74fd2a"},
    {file = "setuptools-68.2.2.tar.gz", hash = "sha256:4ac1475276d2f1c48684874089fefcd83bd7162ddaafb81fac866ba0db282a87"},
]

[package.extras]
docs = ["furo", "jaraco.packaging (>=9.3)", "jaraco.tidelift (>=1.4)", "pygments-github-lexers (==0.0.5)", "rst.linker (>=1.9)", "sphinx (>=3.5)", "sphinx-favicon", "sphinx-hoverxref (<2)", "sphinx-inline-tabs", "sphinx-lint", "sphinx-notfound-page (>=1,<2)", "sphinx-reredirects", "sphinxcontrib-towncrier"]
testing = ["build[virtualenv]", "filelock (>=3.4.0)", "flake8-2020", "ini2toml[lite] (>=0.9)", "jaraco.develop (>=7.21)", "jaraco.envs (>=2.2)", "jaraco.path (>=3.2.0)", "pip (>=19.1)", "pytest (>=6)", "pytest-black (>=0.3.7)", "pytest-checkdocs (>=2.4)", "pytest-cov", "pytest-enabler (>=2.2)", "pytest-mypy (>=0.9.1)", "pytest-perf", "pytest-ruff", "pytest-timeout", "pytest-xdist", "tomli-w (>=1.0.0)", "virtualenv (>=13.0.0)", "wheel"]
testing-integration = ["build[virtualenv] (>=1.0.3)", "filelock (>=3.4.0)", "jaraco.envs (>=2.2)", "jaraco.path (>=3.2.0)", "packaging (>=23.1)", "pytest", "pytest-enabler", "pytest-xdist", "tomli", "virtualenv (>=13.0.0)", "wheel"]

[[package]]
name = "six"
version = "1.16.0"
description = "Python 2 and 3 compatibility utilities"
optional = false
python-versions = ">=2.7, !=3.0.*, !=3.1.*, !=3.2.*"
files = [
    {file = "six-1.16.0-py2.py3-none-any.whl", hash = "sha256:8abb2f1d86890a2dfb989f9a77cfcfd3e47c2a354b01111771326f8aa26e0254"},
    {file = "six-1.16.0.tar.gz", hash = "sha256:1e61c37477a1626458e36f7b1d82aa5c9b094fa4802892072e49de9c60c4c926"},
]

[[package]]
name = "twisted"
version = "23.8.0"
description = "An asynchronous networking framework written in Python"
optional = false
python-versions = ">=3.7.1"
files = [
    {file = "twisted-23.8.0-py3-none-any.whl", hash = "sha256:b8bdba145de120ffb36c20e6e071cce984e89fba798611ed0704216fb7f884cd"},
    {file = "twisted-23.8.0.tar.gz", hash = "sha256:3c73360add17336a622c0d811c2a2ce29866b6e59b1125fd6509b17252098a24"},
]

[package.dependencies]
attrs = ">=21.3.0"
automat = ">=0.8.0"
constantly = ">=15.1"
hyperlink = ">=17.1.1"
incremental = ">=22.10.0"
twisted-iocpsupport = {version = ">=1.0.2,<2", markers = "platform_system == \"Windows\""}
typing-extensions = ">=3.10.0"
zope-interface = ">=5"

[package.extras]
all-non-platform = ["twisted[conch,contextvars,http2,serial,test,tls]", "twisted[conch,contextvars,http2,serial,test,tls]"]
conch = ["appdirs (>=1.4.0)", "bcrypt (>=3.1.3)", "cryptography (>=3.3)"]
contextvars = ["contextvars (>=2.4,<3)"]
dev = ["coverage (>=6b1,<7)", "pyflakes (>=2.2,<3.0)", "python-subunit (>=1.4,<2.0)", "twisted[dev-release]", "twistedchecker (>=0.7,<1.0)"]
dev-release = ["pydoctor (>=23.4.0,<23.5.0)", "pydoctor (>=23.4.0,<23.5.0)", "readthedocs-sphinx-ext (>=2.2,<3.0)", "readthedocs-sphinx-ext (>=2.2,<3.0)", "sphinx (>=5,<7)", "sphinx (>=5,<7)", "sphinx-rtd-theme (>=1.2,<2.0)", "sphinx-rtd-theme (>=1.2,<2.0)", "towncrier (>=22.12,<23.0)", "towncrier (>=22.12,<23.0)", "urllib3 (<2)", "urllib3 (<2)"]
gtk-platform = ["pygobject", "pygobject", "twisted[all-non-platform]", "twisted[all-non-platform]"]
http2 = ["h2 (>=3.0,<5.0)", "priority (>=1.1.0,<2.0)"]
macos-platform = ["pyobjc-core", "pyobjc-core", "pyobjc-framework-cfnetwork", "pyobjc-framework-cfnetwork", "pyobjc-framework-cocoa", "pyobjc-framework-cocoa", "twisted[all-non-platform]", "twisted[all-non-platform]"]
mypy = ["mypy (==0.981)", "mypy-extensions (==0.4.3)", "mypy-zope (==0.3.11)", "twisted[all-non-platform,dev]", "types-pyopenssl", "types-setuptools"]
osx-platform = ["twisted[macos-platform]", "twisted[macos-platform]"]
serial = ["pyserial (>=3.0)", "pywin32 (!=226)"]
test = ["cython-test-exception-raiser (>=1.0.2,<2)", "hypothesis (>=6.56)", "pyhamcrest (>=2)"]
tls = ["idna (>=2.4)", "pyopenssl (>=21.0.0)", "service-identity (>=18.1.0)"]
windows-platform = ["pywin32 (!=226)", "pywin32 (!=226)", "twisted[all-non-platform]", "twisted[all-non-platform]"]

[[package]]
name = "twisted-iocpsupport"
version = "1.0.4"
description = "An extension for use in the twisted I/O Completion Ports reactor."
optional = false
python-versions = "*"
files = [
    {file = "twisted-iocpsupport-1.0.4.tar.gz", hash = "sha256:858096c0d15e33f15ac157f455d8f86f2f2cdd223963e58c0f682a3af8362d89"},
    {file = "twisted_iocpsupport-1.0.4-cp310-cp310-win32.whl", hash = "sha256:afa2b630797f9ed2f27f3d9f55e3f72b4244911e45a8c82756f44babbf0b243e"},
    {file = "twisted_iocpsupport-1.0.4-cp310-cp310-win_amd64.whl", hash = "sha256:0058c963c8957bcd3deda62122e89953c9de1e867a274facc9b15dde1a9f31e8"},
    {file = "twisted_iocpsupport-1.0.4-cp311-cp311-win32.whl", hash = "sha256:196f7c7ccad4ba4d1783b1c4e1d1b22d93c04275cd780bf7498d16c77319ad6e"},
    {file = "twisted_iocpsupport-1.0.4-cp311-cp311-win_amd64.whl", hash = "sha256:4e5f97bcbabdd79cbaa969b63439b89801ea560f11d42b0a387634275c633623"},
    {file = "twisted_iocpsupport-1.0.4-cp312-cp312-win32.whl", hash = "sha256:6081bd7c2f4fcf9b383dcdb3b3385d75a26a7c9d2be25b6950c3d8ea652d2d2d"},
    {file = "twisted_iocpsupport-1.0.4-cp312-cp312-win_amd64.whl", hash = "sha256:76f7e67cec1f1d097d1f4ed7de41be3d74546e1a4ede0c7d56e775c4dce5dfb0"},
    {file = "twisted_iocpsupport-1.0.4-cp36-cp36m-win32.whl", hash = "sha256:3d306fc4d88a6bcf61ce9d572c738b918578121bfd72891625fab314549024b5"},
    {file = "twisted_iocpsupport-1.0.4-cp36-cp36m-win_amd64.whl", hash = "sha256:391ac4d6002a80e15f35adc4ad6056f4fe1c17ceb0d1f98ba01b0f4f917adfd7"},
    {file = "twisted_iocpsupport-1.0.4-cp37-cp37m-win32.whl", hash = "sha256:0c1b5cf37f0b2d96cc3c9bc86fff16613b9f5d0ca565c96cf1f1fb8cfca4b81c"},
    {file = "twisted_iocpsupport-1.0.4-cp37-cp37m-win_amd64.whl", hash = "sha256:3c5dc11d72519e55f727320e3cee535feedfaee09c0f0765ed1ca7badff1ab3c"},
    {file = "twisted_iocpsupport-1.0.4-cp38-cp38-win32.whl", hash = "sha256:cc86c2ef598c15d824a243c2541c29459881c67fc3c0adb6efe2242f8f0ec3af"},
    {file = "twisted_iocpsupport-1.0.4-cp38-cp38-win_amd64.whl", hash = "sha256:c27985e949b9b1a1fb4c20c71d315c10ea0f93fdf3ccdd4a8c158b5926edd8c8"},
    {file = "twisted_iocpsupport-1.0.4-cp39-cp39-win32.whl", hash = "sha256:e311dfcb470696e3c077249615893cada598e62fa7c4e4ca090167bd2b7d331f"},
    {file = "twisted_iocpsupport-1.0.4-cp39-cp39-win_amd64.whl", hash = "sha256:4574eef1f3bb81501fb02f911298af3c02fe8179c31a33b361dd49180c3e644d"},
    {file = "twisted_iocpsupport-1.0.4-pp310-pypy310_pp73-win_amd64.whl", hash = "sha256:872747a3b64e2909aee59c803ccd0bceb9b75bf27915520ebd32d69687040fa2"},
    {file = "twisted_iocpsupport-1.0.4-pp37-pypy37_pp73-win_amd64.whl", hash = "sha256:c2712b778bacf1db434e3e065adfed3db300754186a29aecac1efae9ef4bcaff"},
    {file = "twisted_iocpsupport-1.0.4-pp38-pypy38_pp73-win_amd64.whl", hash = "sha256:7c66fa0aa4236b27b3c61cb488662d85dae746a6d1c7b0d91cf7aae118445adf"},
    {file = "twisted_iocpsupport-1.0.4-pp39-pypy39_pp73-win_amd64.whl", hash = "sha256:300437af17396a945a58dcfffd77863303a8b6d9e65c6e81f1d2eed55b50d444"},
]

[[package]]
name = "typing-extensions"
version = "4.8.0"
description = "Backported and Experimental Type Hints for Python 3.8+"
optional = false
python-versions = ">=3.8"
files = [
    {file = "typing_extensions-4.8.0-py3-none-any.whl", hash = "sha256:8f92fc8806f9a6b641eaa5318da32b44d401efaac0f6678c9bc448ba3605faa0"},
    {file = "typing_extensions-4.8.0.tar.gz", hash = "sha256:df8e4339e9cb77357558cbdbceca33c303714cf861d1eef15e1070055ae8b7ef"},
]

[[package]]
name = "zope-interface"
version = "6.0"
description = "Interfaces for Python"
optional = false
python-versions = ">=3.7"
files = [
    {file = "zope.interface-6.0-cp310-cp310-macosx_10_9_x86_64.whl", hash = "sha256:f299c020c6679cb389814a3b81200fe55d428012c5e76da7e722491f5d205990"},
    {file = "zope.interface-6.0-cp310-cp310-macosx_11_0_arm64.whl", hash = "sha256:ee4b43f35f5dc15e1fec55ccb53c130adb1d11e8ad8263d68b1284b66a04190d"},
    {file = "zope.interface-6.0-cp310-cp310-manylinux_2_17_aarch64.manylinux2014_aarch64.whl", hash = "sha256:5a158846d0fca0a908c1afb281ddba88744d403f2550dc34405c3691769cdd85"},
    {file = "zope.interface-6.0-cp310-cp310-manylinux_2_5_i686.manylinux1_i686.manylinux_2_17_i686.manylinux2014_i686.whl", hash = "sha256:f72f23bab1848edb7472309e9898603141644faec9fd57a823ea6b4d1c4c8995"},
    {file = "zope.interface-6.0-cp310-cp310-manylinux_2_5_x86_64.manylinux1_x86_64.manylinux_2_17_x86_64.manylinux2014_x86_64.whl", hash = "sha256:48f4d38cf4b462e75fac78b6f11ad47b06b1c568eb59896db5b6ec1094eb467f"},
    {file = "zope.interface-6.0-cp310-cp310-win_amd64.whl", hash = "sha256:87b690bbee9876163210fd3f500ee59f5803e4a6607d1b1238833b8885ebd410"},
    {file = "zope.interface-6.0-cp311-cp311-macosx_10_9_x86_64.whl", hash = "sha256:f2363e5fd81afb650085c6686f2ee3706975c54f331b426800b53531191fdf28"},
    {file = "zope.interface-6.0-cp311-cp311-macosx_11_0_arm64.whl", hash = "sha256:af169ba897692e9cd984a81cb0f02e46dacdc07d6cf9fd5c91e81f8efaf93d52"},
    {file = "zope.interface-6.0-cp311-cp311-manylinux_2_17_aarch64.manylinux2014_aarch64.whl", hash = "sha256:fa90bac61c9dc3e1a563e5babb3fd2c0c1c80567e815442ddbe561eadc803b30"},
    {file = "zope.interface-6.0-cp311-cp311-manylinux_2_5_i686.manylinux1_i686.manylinux_2_17_i686.manylinux2014_i686.whl", hash = "sha256:89086c9d3490a0f265a3c4b794037a84541ff5ffa28bb9c24cc9f66566968464"},
    {file = "zope.interface-6.0-cp311-cp311-manylinux_2_5_x86_64.manylinux1_x86_64.manylinux_2_17_x86_64.manylinux2014_x86_64.whl", hash = "sha256:809fe3bf1a91393abc7e92d607976bbb8586512913a79f2bf7d7ec15bd8ea518"},
    {file = "zope.interface-6.0-cp311-cp311-win_amd64.whl", hash = "sha256:0ec9653825f837fbddc4e4b603d90269b501486c11800d7c761eee7ce46d1bbb"},
    {file = "zope.interface-6.0-cp37-cp37m-macosx_10_15_x86_64.whl", hash = "sha256:790c1d9d8f9c92819c31ea660cd43c3d5451df1df61e2e814a6f99cebb292788"},
    {file = "zope.interface-6.0-cp37-cp37m-manylinux_2_17_aarch64.manylinux2014_aarch64.whl", hash = "sha256:b39b8711578dcfd45fc0140993403b8a81e879ec25d53189f3faa1f006087dca"},
    {file = "zope.interface-6.0-cp37-cp37m-manylinux_2_5_i686.manylinux1_i686.manylinux_2_17_i686.manylinux2014_i686.whl", hash = "sha256:eba51599370c87088d8882ab74f637de0c4f04a6d08a312dce49368ba9ed5c2a"},
    {file = "zope.interface-6.0-cp37-cp37m-manylinux_2_5_x86_64.manylinux1_x86_64.manylinux_2_17_x86_64.manylinux2014_x86_64.whl", hash = "sha256:6ee934f023f875ec2cfd2b05a937bd817efcc6c4c3f55c5778cbf78e58362ddc"},
    {file = "zope.interface-6.0-cp37-cp37m-win_amd64.whl", hash = "sha256:042f2381118b093714081fd82c98e3b189b68db38ee7d35b63c327c470ef8373"},
    {file = "zope.interface-6.0-cp38-cp38-macosx_10_9_x86_64.whl", hash = "sha256:dfbbbf0809a3606046a41f8561c3eada9db811be94138f42d9135a5c47e75f6f"},
    {file = "zope.interface-6.0-cp38-cp38-macosx_11_0_arm64.whl", hash = "sha256:424d23b97fa1542d7be882eae0c0fc3d6827784105264a8169a26ce16db260d8"},
    {file = "zope.interface-6.0-cp38-cp38-manylinux_2_17_aarch64.manylinux2014_aarch64.whl", hash = "sha256:e538f2d4a6ffb6edfb303ce70ae7e88629ac6e5581870e66c306d9ad7b564a58"},
    {file = "zope.interface-6.0-cp38-cp38-manylinux_2_5_i686.manylinux1_i686.manylinux_2_17_i686.manylinux2014_i686.whl", hash = "sha256:12175ca6b4db7621aedd7c30aa7cfa0a2d65ea3a0105393e05482d7a2d367446"},
    {file = "zope.interface-6.0-cp38-cp38-manylinux_2_5_x86_64.manylinux1_x86_64.manylinux_2_17_x86_64.manylinux2014_x86_64.whl", hash = "sha256:4c3d7dfd897a588ec27e391edbe3dd320a03684457470415870254e714126b1f"},
    {file = "zope.interface-6.0-cp38-cp38-win_amd64.whl", hash = "sha256:b3f543ae9d3408549a9900720f18c0194ac0fe810cecda2a584fd4dca2eb3bb8"},
    {file = "zope.interface-6.0-cp39-cp39-macosx_10_9_x86_64.whl", hash = "sha256:d0583b75f2e70ec93f100931660328965bb9ff65ae54695fb3fa0a1255daa6f2"},
    {file = "zope.interface-6.0-cp39-cp39-macosx_11_0_arm64.whl", hash = "sha256:23ac41d52fd15dd8be77e3257bc51bbb82469cf7f5e9a30b75e903e21439d16c"},
    {file = "zope.interface-6.0-cp39-cp39-manylinux_2_17_aarch64.manylinux2014_aarch64.whl", hash = "sha256:99856d6c98a326abbcc2363827e16bd6044f70f2ef42f453c0bd5440c4ce24e5"},
    {file = "zope.interface-6.0-cp39-cp39-manylinux_2_5_i686.manylinux1_i686.manylinux_2_17_i686.manylinux2014_i686.whl", hash = "sha256:1592f68ae11e557b9ff2bc96ac8fc30b187e77c45a3c9cd876e3368c53dc5ba8"},
    {file = "zope.interface-6.0-cp39-cp39-manylinux_2_5_x86_64.manylinux1_x86_64.manylinux_2_17_x86_64.manylinux2014_x86_64.whl", hash = "sha256:4407b1435572e3e1610797c9203ad2753666c62883b921318c5403fb7139dec2"},
    {file = "zope.interface-6.0-cp39-cp39-win_amd64.whl", hash = "sha256:5171eb073474a5038321409a630904fd61f12dd1856dd7e9d19cd6fe092cbbc5"},
    {file = "zope.interface-6.0.tar.gz", hash = "sha256:aab584725afd10c710b8f1e6e208dbee2d0ad009f57d674cb9d1b3964037275d"},
]

[package.dependencies]
setuptools = "*"

[package.extras]
docs = ["Sphinx", "repoze.sphinx.autointerface"]
test = ["coverage (>=5.0.3)", "zope.event", "zope.testing"]
testing = ["coverage (>=5.0.3)", "zope.event", "zope.testing"]

[metadata]
lock-version = "2.0"
python-versions = "^3.8"
content-hash = "40ab9392548e766a0368481c48ea7a00c8f9c961fd69d1ce31e61ba29276869b"
