# This file is automatically @generated by Poetry 1.6.1 and should not be changed by hand.

[[package]]
name = "attrs"
version = "23.2.0"
description = "Classes Without Boilerplate"
optional = false
python-versions = ">=3.7"
files = [
    {file = "attrs-23.2.0-py3-none-any.whl", hash = "sha256:99b87a485a5820b23b879f04c2305b44b951b502fd64be915879d77a7e8fc6f1"},
    {file = "attrs-23.2.0.tar.gz", hash = "sha256:935dc3b529c262f6cf76e50877d35a4bd3c1de194fd41f47a2b7ae8f19971f30"},
]

[package.extras]
cov = ["attrs[tests]", "coverage[toml] (>=5.3)"]
dev = ["attrs[tests]", "pre-commit"]
docs = ["furo", "myst-parser", "sphinx", "sphinx-notfound-page", "sphinxcontrib-towncrier", "towncrier", "zope-interface"]
tests = ["attrs[tests-no-zope]", "zope-interface"]
tests-mypy = ["mypy (>=1.6)", "pytest-mypy-plugins"]
tests-no-zope = ["attrs[tests-mypy]", "cloudpickle", "hypothesis", "pympler", "pytest (>=4.3.0)", "pytest-xdist[psutil]"]

[[package]]
name = "automat"
version = "22.10.0"
description = "Self-service finite-state machines for the programmer on the go."
optional = false
python-versions = "*"
files = [
    {file = "Automat-22.10.0-py2.py3-none-any.whl", hash = "sha256:c3164f8742b9dc440f3682482d32aaff7bb53f71740dd018533f9de286b64180"},
    {file = "Automat-22.10.0.tar.gz", hash = "sha256:e56beb84edad19dcc11d30e8d9b895f75deeb5ef5e96b84a467066b3b84bb04e"},
]

[package.dependencies]
attrs = ">=19.2.0"
six = "*"

[package.extras]
visualize = ["Twisted (>=16.1.1)", "graphviz (>0.5.1)"]

[[package]]
name = "constantly"
version = "23.10.4"
description = "Symbolic constants in Python"
optional = false
python-versions = ">=3.8"
files = [
    {file = "constantly-23.10.4-py3-none-any.whl", hash = "sha256:3fd9b4d1c3dc1ec9757f3c52aef7e53ad9323dbe39f51dfd4c43853b68dfa3f9"},
    {file = "constantly-23.10.4.tar.gz", hash = "sha256:aa92b70a33e2ac0bb33cd745eb61776594dc48764b06c35e0efd050b7f1c7cbd"},
]

[[package]]
name = "hyperlink"
version = "21.0.0"
description = "A featureful, immutable, and correct URL for Python."
optional = false
python-versions = ">=2.6, !=3.0.*, !=3.1.*, !=3.2.*, !=3.3.*"
files = [
    {file = "hyperlink-21.0.0-py2.py3-none-any.whl", hash = "sha256:e6b14c37ecb73e89c77d78cdb4c2cc8f3fb59a885c5b3f819ff4ed80f25af1b4"},
    {file = "hyperlink-21.0.0.tar.gz", hash = "sha256:427af957daa58bc909471c6c40f74c5450fa123dd093fc53efd2e91d2705a56b"},
]

[package.dependencies]
idna = ">=2.5"

[[package]]
name = "idna"
version = "3.7"
description = "Internationalized Domain Names in Applications (IDNA)"
optional = false
python-versions = ">=3.5"
files = [
    {file = "idna-3.7-py3-none-any.whl", hash = "sha256:82fee1fc78add43492d3a1898bfa6d8a904cc97d8427f683ed8e798d07761aa0"},
    {file = "idna-3.7.tar.gz", hash = "sha256:028ff3aadf0609c1fd278d8ea3089299412a7a8b9bd005dd08b9f8285bcb5cfc"},
]

[[package]]
name = "incremental"
version = "22.10.0"
description = "\"A small library that versions your Python projects.\""
optional = false
python-versions = "*"
files = [
    {file = "incremental-22.10.0-py2.py3-none-any.whl", hash = "sha256:b864a1f30885ee72c5ac2835a761b8fe8aa9c28b9395cacf27286602688d3e51"},
    {file = "incremental-22.10.0.tar.gz", hash = "sha256:912feeb5e0f7e0188e6f42241d2f450002e11bbc0937c65865045854c24c0bd0"},
]

[package.extras]
mypy = ["click (>=6.0)", "mypy (==0.812)", "twisted (>=16.4.0)"]
scripts = ["click (>=6.0)", "twisted (>=16.4.0)"]

[[package]]
name = "setuptools"
version = "69.5.1"
description = "Easily download, build, install, upgrade, and uninstall Python packages"
optional = false
python-versions = ">=3.8"
files = [
    {file = "setuptools-69.5.1-py3-none-any.whl", hash = "sha256:c636ac361bc47580504644275c9ad802c50415c7522212252c033bd15f301f32"},
    {file = "setuptools-69.5.1.tar.gz", hash = "sha256:6c1fccdac05a97e598fb0ae3bbed5904ccb317337a51139dcd51453611bbb987"},
]

[package.extras]
docs = ["furo", "jaraco.packaging (>=9.3)", "jaraco.tidelift (>=1.4)", "pygments-github-lexers (==0.0.5)", "rst.linker (>=1.9)", "sphinx (>=3.5)", "sphinx-favicon", "sphinx-inline-tabs", "sphinx-lint", "sphinx-notfound-page (>=1,<2)", "sphinx-reredirects", "sphinxcontrib-towncrier"]
testing = ["build[virtualenv]", "filelock (>=3.4.0)", "importlib-metadata", "ini2toml[lite] (>=0.9)", "jaraco.develop (>=7.21)", "jaraco.envs (>=2.2)", "jaraco.path (>=3.2.0)", "mypy (==1.9)", "packaging (>=23.2)", "pip (>=19.1)", "pytest (>=6,!=8.1.1)", "pytest-checkdocs (>=2.4)", "pytest-cov", "pytest-enabler (>=2.2)", "pytest-home (>=0.5)", "pytest-mypy", "pytest-perf", "pytest-ruff (>=0.2.1)", "pytest-timeout", "pytest-xdist (>=3)", "tomli", "tomli-w (>=1.0.0)", "virtualenv (>=13.0.0)", "wheel"]
testing-integration = ["build[virtualenv] (>=1.0.3)", "filelock (>=3.4.0)", "jaraco.envs (>=2.2)", "jaraco.path (>=3.2.0)", "packaging (>=23.2)", "pytest", "pytest-enabler", "pytest-xdist", "tomli", "virtualenv (>=13.0.0)", "wheel"]

[[package]]
name = "six"
version = "1.16.0"
description = "Python 2 and 3 compatibility utilities"
optional = false
python-versions = ">=2.7, !=3.0.*, !=3.1.*, !=3.2.*"
files = [
    {file = "six-1.16.0-py2.py3-none-any.whl", hash = "sha256:8abb2f1d86890a2dfb989f9a77cfcfd3e47c2a354b01111771326f8aa26e0254"},
    {file = "six-1.16.0.tar.gz", hash = "sha256:1e61c37477a1626458e36f7b1d82aa5c9b094fa4802892072e49de9c60c4c926"},
]

[[package]]
name = "twisted"
version = "24.3.0"
description = "An asynchronous networking framework written in Python"
optional = false
python-versions = ">=3.8.0"
files = [
    {file = "twisted-24.3.0-py3-none-any.whl", hash = "sha256:039f2e6a49ab5108abd94de187fa92377abe5985c7a72d68d0ad266ba19eae63"},
    {file = "twisted-24.3.0.tar.gz", hash = "sha256:6b38b6ece7296b5e122c9eb17da2eeab3d98a198f50ca9efd00fb03e5b4fd4ae"},
]

[package.dependencies]
attrs = ">=21.3.0"
automat = ">=0.8.0"
constantly = ">=15.1"
hyperlink = ">=17.1.1"
incremental = ">=22.10.0"
twisted-iocpsupport = {version = ">=1.0.2,<2", markers = "platform_system == \"Windows\""}
typing-extensions = ">=4.2.0"
zope-interface = ">=5"

[package.extras]
all-non-platform = ["twisted[conch,http2,serial,test,tls]", "twisted[conch,http2,serial,test,tls]"]
conch = ["appdirs (>=1.4.0)", "bcrypt (>=3.1.3)", "cryptography (>=3.3)"]
dev = ["coverage (>=6b1,<7)", "pyflakes (>=2.2,<3.0)", "python-subunit (>=1.4,<2.0)", "twisted[dev-release]", "twistedchecker (>=0.7,<1.0)"]
dev-release = ["pydoctor (>=23.9.0,<23.10.0)", "pydoctor (>=23.9.0,<23.10.0)", "sphinx (>=6,<7)", "sphinx (>=6,<7)", "sphinx-rtd-theme (>=1.3,<2.0)", "sphinx-rtd-theme (>=1.3,<2.0)", "towncrier (>=23.6,<24.0)", "towncrier (>=23.6,<24.0)"]
gtk-platform = ["pygobject", "pygobject", "twisted[all-non-platform]", "twisted[all-non-platform]"]
http2 = ["h2 (>=3.0,<5.0)", "priority (>=1.1.0,<2.0)"]
macos-platform = ["pyobjc-core", "pyobjc-core", "pyobjc-framework-cfnetwork", "pyobjc-framework-cfnetwork", "pyobjc-framework-cocoa", "pyobjc-framework-cocoa", "twisted[all-non-platform]", "twisted[all-non-platform]"]
mypy = ["mypy (>=1.8,<2.0)", "mypy-zope (>=1.0.3,<1.1.0)", "twisted[all-non-platform,dev]", "types-pyopenssl", "types-setuptools"]
osx-platform = ["twisted[macos-platform]", "twisted[macos-platform]"]
serial = ["pyserial (>=3.0)", "pywin32 (!=226)"]
test = ["cython-test-exception-raiser (>=1.0.2,<2)", "hypothesis (>=6.56)", "pyhamcrest (>=2)"]
tls = ["idna (>=2.4)", "pyopenssl (>=21.0.0)", "service-identity (>=18.1.0)"]
windows-platform = ["pywin32 (!=226)", "pywin32 (!=226)", "twisted[all-non-platform]", "twisted[all-non-platform]"]

[[package]]
name = "twisted-iocpsupport"
version = "1.0.4"
description = "An extension for use in the twisted I/O Completion Ports reactor."
optional = false
python-versions = "*"
files = [
    {file = "twisted-iocpsupport-1.0.4.tar.gz", hash = "sha256:858096c0d15e33f15ac157f455d8f86f2f2cdd223963e58c0f682a3af8362d89"},
    {file = "twisted_iocpsupport-1.0.4-cp310-cp310-win32.whl", hash = "sha256:afa2b630797f9ed2f27f3d9f55e3f72b4244911e45a8c82756f44babbf0b243e"},
    {file = "twisted_iocpsupport-1.0.4-cp310-cp310-win_amd64.whl", hash = "sha256:0058c963c8957bcd3deda62122e89953c9de1e867a274facc9b15dde1a9f31e8"},
    {file = "twisted_iocpsupport-1.0.4-cp311-cp311-win32.whl", hash = "sha256:196f7c7ccad4ba4d1783b1c4e1d1b22d93c04275cd780bf7498d16c77319ad6e"},
    {file = "twisted_iocpsupport-1.0.4-cp311-cp311-win_amd64.whl", hash = "sha256:4e5f97bcbabdd79cbaa969b63439b89801ea560f11d42b0a387634275c633623"},
    {file = "twisted_iocpsupport-1.0.4-cp312-cp312-win32.whl", hash = "sha256:6081bd7c2f4fcf9b383dcdb3b3385d75a26a7c9d2be25b6950c3d8ea652d2d2d"},
    {file = "twisted_iocpsupport-1.0.4-cp312-cp312-win_amd64.whl", hash = "sha256:76f7e67cec1f1d097d1f4ed7de41be3d74546e1a4ede0c7d56e775c4dce5dfb0"},
    {file = "twisted_iocpsupport-1.0.4-cp36-cp36m-win32.whl", hash = "sha256:3d306fc4d88a6bcf61ce9d572c738b918578121bfd72891625fab314549024b5"},
    {file = "twisted_iocpsupport-1.0.4-cp36-cp36m-win_amd64.whl", hash = "sha256:391ac4d6002a80e15f35adc4ad6056f4fe1c17ceb0d1f98ba01b0f4f917adfd7"},
    {file = "twisted_iocpsupport-1.0.4-cp37-cp37m-win32.whl", hash = "sha256:0c1b5cf37f0b2d96cc3c9bc86fff16613b9f5d0ca565c96cf1f1fb8cfca4b81c"},
    {file = "twisted_iocpsupport-1.0.4-cp37-cp37m-win_amd64.whl", hash = "sha256:3c5dc11d72519e55f727320e3cee535feedfaee09c0f0765ed1ca7badff1ab3c"},
    {file = "twisted_iocpsupport-1.0.4-cp38-cp38-win32.whl", hash = "sha256:cc86c2ef598c15d824a243c2541c29459881c67fc3c0adb6efe2242f8f0ec3af"},
    {file = "twisted_iocpsupport-1.0.4-cp38-cp38-win_amd64.whl", hash = "sha256:c27985e949b9b1a1fb4c20c71d315c10ea0f93fdf3ccdd4a8c158b5926edd8c8"},
    {file = "twisted_iocpsupport-1.0.4-cp39-cp39-win32.whl", hash = "sha256:e311dfcb470696e3c077249615893cada598e62fa7c4e4ca090167bd2b7d331f"},
    {file = "twisted_iocpsupport-1.0.4-cp39-cp39-win_amd64.whl", hash = "sha256:4574eef1f3bb81501fb02f911298af3c02fe8179c31a33b361dd49180c3e644d"},
    {file = "twisted_iocpsupport-1.0.4-pp310-pypy310_pp73-win_amd64.whl", hash = "sha256:872747a3b64e2909aee59c803ccd0bceb9b75bf27915520ebd32d69687040fa2"},
    {file = "twisted_iocpsupport-1.0.4-pp37-pypy37_pp73-win_amd64.whl", hash = "sha256:c2712b778bacf1db434e3e065adfed3db300754186a29aecac1efae9ef4bcaff"},
    {file = "twisted_iocpsupport-1.0.4-pp38-pypy38_pp73-win_amd64.whl", hash = "sha256:7c66fa0aa4236b27b3c61cb488662d85dae746a6d1c7b0d91cf7aae118445adf"},
    {file = "twisted_iocpsupport-1.0.4-pp39-pypy39_pp73-win_amd64.whl", hash = "sha256:300437af17396a945a58dcfffd77863303a8b6d9e65c6e81f1d2eed55b50d444"},
]

[[package]]
name = "typing-extensions"
version = "4.11.0"
description = "Backported and Experimental Type Hints for Python 3.8+"
optional = false
python-versions = ">=3.8"
files = [
    {file = "typing_extensions-4.11.0-py3-none-any.whl", hash = "sha256:c1f94d72897edaf4ce775bb7558d5b79d8126906a14ea5ed1635921406c0387a"},
    {file = "typing_extensions-4.11.0.tar.gz", hash = "sha256:83f085bd5ca59c80295fc2a82ab5dac679cbe02b9f33f7d83af68e241bea51b0"},
]

[[package]]
name = "zope-interface"
version = "6.3"
description = "Interfaces for Python"
optional = false
python-versions = ">=3.7"
files = [
    {file = "zope.interface-6.3-cp310-cp310-macosx_10_9_x86_64.whl", hash = "sha256:2f32010ffb87759c6a3ad1c65ed4d2e38e51f6b430a1ca11cee901ec2b42e021"},
    {file = "zope.interface-6.3-cp310-cp310-macosx_11_0_arm64.whl", hash = "sha256:e78a183a3c2f555c2ad6aaa1ab572d1c435ba42f1dc3a7e8c82982306a19b785"},
    {file = "zope.interface-6.3-cp310-cp310-manylinux_2_17_aarch64.manylinux2014_aarch64.whl", hash = "sha256:afa0491a9f154cf8519a02026dc85a416192f4cb1efbbf32db4a173ba28b289a"},
    {file = "zope.interface-6.3-cp310-cp310-manylinux_2_5_i686.manylinux1_i686.manylinux_2_17_i686.manylinux2014_i686.whl", hash = "sha256:62e32f02b3f26204d9c02c3539c802afc3eefb19d601a0987836ed126efb1f21"},
    {file = "zope.interface-6.3-cp310-cp310-manylinux_2_5_x86_64.manylinux1_x86_64.manylinux_2_17_x86_64.manylinux2014_x86_64.whl", hash = "sha256:c40df4aea777be321b7e68facb901bc67317e94b65d9ab20fb96e0eb3c0b60a1"},
    {file = "zope.interface-6.3-cp310-cp310-win_amd64.whl", hash = "sha256:46034be614d1f75f06e7dcfefba21d609b16b38c21fc912b01a99cb29e58febb"},
    {file = "zope.interface-6.3-cp311-cp311-macosx_10_9_x86_64.whl", hash = "sha256:600101f43a7582d5b9504a7c629a1185a849ce65e60fca0f6968dfc4b76b6d39"},
    {file = "zope.interface-6.3-cp311-cp311-macosx_11_0_arm64.whl", hash = "sha256:4d6b229f5e1a6375f206455cc0a63a8e502ed190fe7eb15e94a312dc69d40299"},
    {file = "zope.interface-6.3-cp311-cp311-manylinux_2_17_aarch64.manylinux2014_aarch64.whl", hash = "sha256:10cde8dc6b2fd6a1d0b5ca4be820063e46ddba417ab82bcf55afe2227337b130"},
    {file = "zope.interface-6.3-cp311-cp311-manylinux_2_5_i686.manylinux1_i686.manylinux_2_17_i686.manylinux2014_i686.whl", hash = "sha256:40aa8c8e964d47d713b226c5baf5f13cdf3a3169c7a2653163b17ff2e2334d10"},
    {file = "zope.interface-6.3-cp311-cp311-manylinux_2_5_x86_64.manylinux1_x86_64.manylinux_2_17_x86_64.manylinux2014_x86_64.whl", hash = "sha256:d165d7774d558ea971cb867739fb334faf68fc4756a784e689e11efa3becd59e"},
    {file = "zope.interface-6.3-cp311-cp311-win_amd64.whl", hash = "sha256:69dedb790530c7ca5345899a1b4cb837cc53ba669051ea51e8c18f82f9389061"},
    {file = "zope.interface-6.3-cp312-cp312-macosx_10_9_x86_64.whl", hash = "sha256:8d407e0fd8015f6d5dfad481309638e1968d70e6644e0753f229154667dd6cd5"},
    {file = "zope.interface-6.3-cp312-cp312-macosx_11_0_arm64.whl", hash = "sha256:72d5efecad16c619a97744a4f0b67ce1bcc88115aa82fcf1dc5be9bb403bcc0b"},
    {file = "zope.interface-6.3-cp312-cp312-manylinux_2_17_aarch64.manylinux2014_aarch64.whl", hash = "sha256:567d54c06306f9c5b6826190628d66753b9f2b0422f4c02d7c6d2b97ebf0a24e"},
    {file = "zope.interface-6.3-cp312-cp312-manylinux_2_5_i686.manylinux1_i686.manylinux_2_17_i686.manylinux2014_i686.whl", hash = "sha256:483e118b1e075f1819b3c6ace082b9d7d3a6a5eb14b2b375f1b80a0868117920"},
    {file = "zope.interface-6.3-cp312-cp312-manylinux_2_5_x86_64.manylinux1_x86_64.manylinux_2_17_x86_64.manylinux2014_x86_64.whl", hash = "sha256:2bb78c12c1ad3a20c0d981a043d133299117b6854f2e14893b156979ed4e1d2c"},
    {file = "zope.interface-6.3-cp312-cp312-win_amd64.whl", hash = "sha256:ad4524289d8dbd6fb5aa17aedb18f5643e7d48358f42c007a5ee51a2afc2a7c5"},
    {file = "zope.interface-6.3-cp37-cp37m-macosx_11_0_x86_64.whl", hash = "sha256:a56fe1261230093bfeedc1c1a6cd6f3ec568f9b07f031c9a09f46b201f793a85"},
    {file = "zope.interface-6.3-cp37-cp37m-manylinux_2_17_aarch64.manylinux2014_aarch64.whl", hash = "sha256:014bb94fe6bf1786da1aa044eadf65bc6437bcb81c451592987e5be91e70a91e"},
    {file = "zope.interface-6.3-cp37-cp37m-manylinux_2_5_i686.manylinux1_i686.manylinux_2_17_i686.manylinux2014_i686.whl", hash = "sha256:22e8a218e8e2d87d4d9342aa973b7915297a08efbebea5b25900c73e78ed468e"},
    {file = "zope.interface-6.3-cp37-cp37m-manylinux_2_5_x86_64.manylinux1_x86_64.manylinux_2_17_x86_64.manylinux2014_x86_64.whl", hash = "sha256:f95bebd0afe86b2adc074df29edb6848fc4d474ff24075e2c263d698774e108d"},
    {file = "zope.interface-6.3-cp37-cp37m-win_amd64.whl", hash = "sha256:d0e7321557c702bd92dac3c66a2f22b963155fdb4600133b6b29597f62b71b12"},
    {file = "zope.interface-6.3-cp38-cp38-macosx_10_9_x86_64.whl", hash = "sha256:187f7900b63845dcdef1be320a523dbbdba94d89cae570edc2781eb55f8c2f86"},
    {file = "zope.interface-6.3-cp38-cp38-macosx_11_0_arm64.whl", hash = "sha256:a058e6cf8d68a5a19cb5449f42a404f0d6c2778b897e6ce8fadda9cea308b1b0"},
    {file = "zope.interface-6.3-cp38-cp38-manylinux_2_17_aarch64.manylinux2014_aarch64.whl", hash = "sha256:e8fa0fb05083a1a4216b4b881fdefa71c5d9a106e9b094cd4399af6b52873e91"},
    {file = "zope.interface-6.3-cp38-cp38-manylinux_2_5_i686.manylinux1_i686.manylinux_2_17_i686.manylinux2014_i686.whl", hash = "sha256:26c9a37fb395a703e39b11b00b9e921c48f82b6e32cc5851ad5d0618cd8876b5"},
    {file = "zope.interface-6.3-cp38-cp38-manylinux_2_5_x86_64.manylinux1_x86_64.manylinux_2_17_x86_64.manylinux2014_x86_64.whl", hash = "sha256:1b0c4c90e5eefca2c3e045d9f9ed9f1e2cdbe70eb906bff6b247e17119ad89a1"},
    {file = "zope.interface-6.3-cp38-cp38-win_amd64.whl", hash = "sha256:5683aa8f2639016fd2b421df44301f10820e28a9b96382a6e438e5c6427253af"},
    {file = "zope.interface-6.3-cp39-cp39-macosx_10_9_x86_64.whl", hash = "sha256:2c3cfb272bcb83650e6695d49ae0d14dd06dc694789a3d929f23758557a23d92"},
    {file = "zope.interface-6.3-cp39-cp39-macosx_11_0_arm64.whl", hash = "sha256:01a0b3dd012f584afcf03ed814bce0fc40ed10e47396578621509ac031be98bf"},
    {file = "zope.interface-6.3-cp39-cp39-manylinux_2_17_aarch64.manylinux2014_aarch64.whl", hash = "sha256:4137025731e824eee8d263b20682b28a0bdc0508de9c11d6c6be54163e5b7c83"},
    {file = "zope.interface-6.3-cp39-cp39-manylinux_2_5_i686.manylinux1_i686.manylinux_2_17_i686.manylinux2014_i686.whl", hash = "sha256:3c8731596198198746f7ce2a4487a0edcbc9ea5e5918f0ab23c4859bce56055c"},
    {file = "zope.interface-6.3-cp39-cp39-manylinux_2_5_x86_64.manylinux1_x86_64.manylinux_2_17_x86_64.manylinux2014_x86_64.whl", hash = "sha256:bf34840e102d1d0b2d39b1465918d90b312b1119552cebb61a242c42079817b9"},
    {file = "zope.interface-6.3-cp39-cp39-win_amd64.whl", hash = "sha256:a1adc14a2a9d5e95f76df625a9b39f4709267a483962a572e3f3001ef90ea6e6"},
    {file = "zope.interface-6.3.tar.gz", hash = "sha256:f83d6b4b22262d9a826c3bd4b2fbfafe1d0000f085ef8e44cd1328eea274ae6a"},
]

[package.dependencies]
setuptools = "*"

[package.extras]
docs = ["Sphinx", "repoze.sphinx.autointerface", "sphinx-rtd-theme"]
test = ["coverage (>=5.0.3)", "zope.event", "zope.testing"]
testing = ["coverage (>=5.0.3)", "zope.event", "zope.testing"]

[metadata]
lock-version = "2.0"
python-versions = "^3.12"
content-hash = "3cdc7f943cf2ec1696b966cf41f586bbac67f585fd78978d826e268a5180e678"
